// !$*UTF8*$!
{
	archiveVersion = 1;
	classes = {
	};
	objectVersion = 48;
	objects = {

/* Begin PBXBuildFile section */
		6630795F2028865300A43814 /* URLResponse+Checking.swift in Sources */ = {isa = PBXBuildFile; fileRef = 6630795E2028865300A43814 /* URLResponse+Checking.swift */; };
		66307965202888F100A43814 /* SpeedTestHost.swift in Sources */ = {isa = PBXBuildFile; fileRef = 66307962202888F100A43814 /* SpeedTestHost.swift */; };
		66307966202888F100A43814 /* SpeedTestService.swift in Sources */ = {isa = PBXBuildFile; fileRef = 66307963202888F100A43814 /* SpeedTestService.swift */; };
		6630796D20288BCA00A43814 /* URL+ping.swift in Sources */ = {isa = PBXBuildFile; fileRef = 6630796C20288BCA00A43814 /* URL+ping.swift */; };
		6630797120289F2200A43814 /* URLPingTests.swift in Sources */ = {isa = PBXBuildFile; fileRef = 6630797020289F2200A43814 /* URLPingTests.swift */; };
		663079732028A43000A43814 /* SpeedTest.swift in Sources */ = {isa = PBXBuildFile; fileRef = 663079722028A43000A43814 /* SpeedTest.swift */; };
		663079752028A6AB00A43814 /* SpeedTestServiceAPI.swift in Sources */ = {isa = PBXBuildFile; fileRef = 663079742028A6AB00A43814 /* SpeedTestServiceAPI.swift */; };
		663079782028A6F500A43814 /* DefaultHostPingService.swift in Sources */ = {isa = PBXBuildFile; fileRef = 663079772028A6F500A43814 /* DefaultHostPingService.swift */; };
		6630797A2028E82A00A43814 /* SpeedTestTests.swift in Sources */ = {isa = PBXBuildFile; fileRef = 663079792028E82A00A43814 /* SpeedTestTests.swift */; };
		6630797D2028ECA900A43814 /* CustomHostDownloadService.swift in Sources */ = {isa = PBXBuildFile; fileRef = 6630797C2028ECA900A43814 /* CustomHostDownloadService.swift */; };
		6630797F2028F05600A43814 /* DownloadServiceTests.swift in Sources */ = {isa = PBXBuildFile; fileRef = 6630797E2028F05600A43814 /* DownloadServiceTests.swift */; };
		664D3762202A3F1C00798460 /* HostURLFormatter.swift in Sources */ = {isa = PBXBuildFile; fileRef = 664D3761202A3F1C00798460 /* HostURLFormatter.swift */; };
		66BC0A6C2029B5C20018E534 /* Speed.swift in Sources */ = {isa = PBXBuildFile; fileRef = 66BC0A6B2029B5C20018E534 /* Speed.swift */; };
		66BC0A6F2029C7600018E534 /* CustomHostUploadService.swift in Sources */ = {isa = PBXBuildFile; fileRef = 66BC0A6E2029C7600018E534 /* CustomHostUploadService.swift */; };
		66BC0A712029CD130018E534 /* UploadServiceTests.swift in Sources */ = {isa = PBXBuildFile; fileRef = 66BC0A702029CD130018E534 /* UploadServiceTests.swift */; };
		66DA7F0920285F3300A01BA1 /* SpeedTestLib.framework in Frameworks */ = {isa = PBXBuildFile; fileRef = 66DA7EFF20285F3300A01BA1 /* SpeedTestLib.framework */; };
		66DA7F0E20285F3300A01BA1 /* SpeedTestLibTests.swift in Sources */ = {isa = PBXBuildFile; fileRef = 66DA7F0D20285F3300A01BA1 /* SpeedTestLibTests.swift */; };
		66DA7F1020285F3300A01BA1 /* SpeedTestLib.h in Headers */ = {isa = PBXBuildFile; fileRef = 66DA7F0220285F3300A01BA1 /* SpeedTestLib.h */; settings = {ATTRIBUTES = (Public, ); }; };
		66DA7F1D20286C7D00A01BA1 /* Result.swift in Sources */ = {isa = PBXBuildFile; fileRef = 66DA7F1C20286C7D00A01BA1 /* Result.swift */; };
		66DA7F2320286E9B00A01BA1 /* SpeedTestServiceTests.swift in Sources */ = {isa = PBXBuildFile; fileRef = 66DA7F2220286E9B00A01BA1 /* SpeedTestServiceTests.swift */; };
/* End PBXBuildFile section */

/* Begin PBXContainerItemProxy section */
		66DA7F0A20285F3300A01BA1 /* PBXContainerItemProxy */ = {
			isa = PBXContainerItemProxy;
			containerPortal = 66DA7EF620285F3300A01BA1 /* Project object */;
			proxyType = 1;
			remoteGlobalIDString = 66DA7EFE20285F3300A01BA1;
			remoteInfo = SpeedTestLib;
		};
/* End PBXContainerItemProxy section */

/* Begin PBXFileReference section */
		6630795E2028865300A43814 /* URLResponse+Checking.swift */ = {isa = PBXFileReference; lastKnownFileType = sourcecode.swift; path = "URLResponse+Checking.swift"; sourceTree = "<group>"; };
		66307962202888F100A43814 /* SpeedTestHost.swift */ = {isa = PBXFileReference; fileEncoding = 4; lastKnownFileType = sourcecode.swift; path = SpeedTestHost.swift; sourceTree = "<group>"; };
		66307963202888F100A43814 /* SpeedTestService.swift */ = {isa = PBXFileReference; fileEncoding = 4; lastKnownFileType = sourcecode.swift; path = SpeedTestService.swift; sourceTree = "<group>"; };
		6630796C20288BCA00A43814 /* URL+ping.swift */ = {isa = PBXFileReference; lastKnownFileType = sourcecode.swift; path = "URL+ping.swift"; sourceTree = "<group>"; };
		6630797020289F2200A43814 /* URLPingTests.swift */ = {isa = PBXFileReference; lastKnownFileType = sourcecode.swift; path = URLPingTests.swift; sourceTree = "<group>"; };
		663079722028A43000A43814 /* SpeedTest.swift */ = {isa = PBXFileReference; lastKnownFileType = sourcecode.swift; path = SpeedTest.swift; sourceTree = "<group>"; };
		663079742028A6AB00A43814 /* SpeedTestServiceAPI.swift */ = {isa = PBXFileReference; fileEncoding = 4; lastKnownFileType = sourcecode.swift; path = SpeedTestServiceAPI.swift; sourceTree = "<group>"; };
		663079772028A6F500A43814 /* DefaultHostPingService.swift */ = {isa = PBXFileReference; lastKnownFileType = sourcecode.swift; path = DefaultHostPingService.swift; sourceTree = "<group>"; };
		663079792028E82A00A43814 /* SpeedTestTests.swift */ = {isa = PBXFileReference; lastKnownFileType = sourcecode.swift; path = SpeedTestTests.swift; sourceTree = "<group>"; };
		6630797C2028ECA900A43814 /* CustomHostDownloadService.swift */ = {isa = PBXFileReference; lastKnownFileType = sourcecode.swift; path = CustomHostDownloadService.swift; sourceTree = "<group>"; };
		6630797E2028F05600A43814 /* DownloadServiceTests.swift */ = {isa = PBXFileReference; lastKnownFileType = sourcecode.swift; path = DownloadServiceTests.swift; sourceTree = "<group>"; };
		664D3761202A3F1C00798460 /* HostURLFormatter.swift */ = {isa = PBXFileReference; lastKnownFileType = sourcecode.swift; path = HostURLFormatter.swift; sourceTree = "<group>"; };
		66BC0A6B2029B5C20018E534 /* Speed.swift */ = {isa = PBXFileReference; lastKnownFileType = sourcecode.swift; path = Speed.swift; sourceTree = "<group>"; };
		66BC0A6E2029C7600018E534 /* CustomHostUploadService.swift */ = {isa = PBXFileReference; lastKnownFileType = sourcecode.swift; path = CustomHostUploadService.swift; sourceTree = "<group>"; };
		66BC0A702029CD130018E534 /* UploadServiceTests.swift */ = {isa = PBXFileReference; lastKnownFileType = sourcecode.swift; path = UploadServiceTests.swift; sourceTree = "<group>"; };
		66DA7EFF20285F3300A01BA1 /* SpeedTestLib.framework */ = {isa = PBXFileReference; explicitFileType = wrapper.framework; includeInIndex = 0; path = SpeedTestLib.framework; sourceTree = BUILT_PRODUCTS_DIR; };
		66DA7F0220285F3300A01BA1 /* SpeedTestLib.h */ = {isa = PBXFileReference; lastKnownFileType = sourcecode.c.h; path = SpeedTestLib.h; sourceTree = "<group>"; };
		66DA7F0320285F3300A01BA1 /* Info.plist */ = {isa = PBXFileReference; lastKnownFileType = text.plist.xml; path = Info.plist; sourceTree = "<group>"; };
		66DA7F0820285F3300A01BA1 /* SpeedTestLibTests.xctest */ = {isa = PBXFileReference; explicitFileType = wrapper.cfbundle; includeInIndex = 0; path = SpeedTestLibTests.xctest; sourceTree = BUILT_PRODUCTS_DIR; };
		66DA7F0D20285F3300A01BA1 /* SpeedTestLibTests.swift */ = {isa = PBXFileReference; lastKnownFileType = sourcecode.swift; path = SpeedTestLibTests.swift; sourceTree = "<group>"; };
		66DA7F0F20285F3300A01BA1 /* Info.plist */ = {isa = PBXFileReference; lastKnownFileType = text.plist.xml; path = Info.plist; sourceTree = "<group>"; };
		66DA7F1C20286C7D00A01BA1 /* Result.swift */ = {isa = PBXFileReference; lastKnownFileType = sourcecode.swift; path = Result.swift; sourceTree = "<group>"; };
		66DA7F2220286E9B00A01BA1 /* SpeedTestServiceTests.swift */ = {isa = PBXFileReference; lastKnownFileType = sourcecode.swift; path = SpeedTestServiceTests.swift; sourceTree = "<group>"; };
/* End PBXFileReference section */

/* Begin PBXFrameworksBuildPhase section */
		66DA7EFB20285F3300A01BA1 /* Frameworks */ = {
			isa = PBXFrameworksBuildPhase;
			buildActionMask = 2147483647;
			files = (
			);
			runOnlyForDeploymentPostprocessing = 0;
		};
		66DA7F0520285F3300A01BA1 /* Frameworks */ = {
			isa = PBXFrameworksBuildPhase;
			buildActionMask = 2147483647;
			files = (
				66DA7F0920285F3300A01BA1 /* SpeedTestLib.framework in Frameworks */,
			);
			runOnlyForDeploymentPostprocessing = 0;
		};
/* End PBXFrameworksBuildPhase section */

/* Begin PBXGroup section */
		6630795D2028863900A43814 /* Extensions */ = {
			isa = PBXGroup;
			children = (
				6630795E2028865300A43814 /* URLResponse+Checking.swift */,
				6630796C20288BCA00A43814 /* URL+ping.swift */,
			);
			path = Extensions;
			sourceTree = "<group>";
		};
		66307960202888DF00A43814 /* SpeedTestHostingService */ = {
			isa = PBXGroup;
			children = (
				66307962202888F100A43814 /* SpeedTestHost.swift */,
				66307963202888F100A43814 /* SpeedTestService.swift */,
			);
			path = SpeedTestHostingService;
			sourceTree = "<group>";
		};
		663079762028A6E900A43814 /* HostPingService */ = {
			isa = PBXGroup;
			children = (
				663079772028A6F500A43814 /* DefaultHostPingService.swift */,
			);
			path = HostPingService;
			sourceTree = "<group>";
		};
		6630797B2028EC8500A43814 /* DownloadService */ = {
			isa = PBXGroup;
			children = (
				6630797C2028ECA900A43814 /* CustomHostDownloadService.swift */,
			);
			path = DownloadService;
			sourceTree = "<group>";
		};
		66BC0A6D2029C74B0018E534 /* UploadService */ = {
			isa = PBXGroup;
			children = (
				66BC0A6E2029C7600018E534 /* CustomHostUploadService.swift */,
			);
			path = UploadService;
			sourceTree = "<group>";
		};
		66DA7EF520285F3300A01BA1 = {
			isa = PBXGroup;
			children = (
				66DA7F0120285F3300A01BA1 /* SpeedTestLib */,
				66DA7F0C20285F3300A01BA1 /* SpeedTestLibTests */,
				66DA7F0020285F3300A01BA1 /* Products */,
			);
			sourceTree = "<group>";
		};
		66DA7F0020285F3300A01BA1 /* Products */ = {
			isa = PBXGroup;
			children = (
				66DA7EFF20285F3300A01BA1 /* SpeedTestLib.framework */,
				66DA7F0820285F3300A01BA1 /* SpeedTestLibTests.xctest */,
			);
			name = Products;
			sourceTree = "<group>";
		};
		66DA7F0120285F3300A01BA1 /* SpeedTestLib */ = {
			isa = PBXGroup;
			children = (
				6630795D2028863900A43814 /* Extensions */,
				66DA7F1B20286C6C00A01BA1 /* Helpers */,
				66DA7F1E20286E4400A01BA1 /* Network */,
				66DA7F0220285F3300A01BA1 /* SpeedTestLib.h */,
				66DA7F0320285F3300A01BA1 /* Info.plist */,
				663079722028A43000A43814 /* SpeedTest.swift */,
				66BC0A6B2029B5C20018E534 /* Speed.swift */,
			);
			path = SpeedTestLib;
			sourceTree = "<group>";
		};
		66DA7F0C20285F3300A01BA1 /* SpeedTestLibTests */ = {
			isa = PBXGroup;
			children = (
				66DA7F2120286E7C00A01BA1 /* Network */,
				66DA7F0D20285F3300A01BA1 /* SpeedTestLibTests.swift */,
				66DA7F0F20285F3300A01BA1 /* Info.plist */,
				663079792028E82A00A43814 /* SpeedTestTests.swift */,
			);
			path = SpeedTestLibTests;
			sourceTree = "<group>";
		};
		66DA7F1B20286C6C00A01BA1 /* Helpers */ = {
			isa = PBXGroup;
			children = (
				66DA7F1C20286C7D00A01BA1 /* Result.swift */,
				664D3761202A3F1C00798460 /* HostURLFormatter.swift */,
			);
			path = Helpers;
			sourceTree = "<group>";
		};
		66DA7F1E20286E4400A01BA1 /* Network */ = {
			isa = PBXGroup;
			children = (
				663079742028A6AB00A43814 /* SpeedTestServiceAPI.swift */,
				6630797B2028EC8500A43814 /* DownloadService */,
				66BC0A6D2029C74B0018E534 /* UploadService */,
				663079762028A6E900A43814 /* HostPingService */,
				66307960202888DF00A43814 /* SpeedTestHostingService */,
			);
			path = Network;
			sourceTree = "<group>";
		};
		66DA7F2120286E7C00A01BA1 /* Network */ = {
			isa = PBXGroup;
			children = (
				66DA7F2220286E9B00A01BA1 /* SpeedTestServiceTests.swift */,
				6630797020289F2200A43814 /* URLPingTests.swift */,
				6630797E2028F05600A43814 /* DownloadServiceTests.swift */,
				66BC0A702029CD130018E534 /* UploadServiceTests.swift */,
			);
			path = Network;
			sourceTree = "<group>";
		};
/* End PBXGroup section */

/* Begin PBXHeadersBuildPhase section */
		66DA7EFC20285F3300A01BA1 /* Headers */ = {
			isa = PBXHeadersBuildPhase;
			buildActionMask = 2147483647;
			files = (
				66DA7F1020285F3300A01BA1 /* SpeedTestLib.h in Headers */,
			);
			runOnlyForDeploymentPostprocessing = 0;
		};
/* End PBXHeadersBuildPhase section */

/* Begin PBXNativeTarget section */
		66DA7EFE20285F3300A01BA1 /* SpeedTestLib */ = {
			isa = PBXNativeTarget;
			buildConfigurationList = 66DA7F1320285F3300A01BA1 /* Build configuration list for PBXNativeTarget "SpeedTestLib" */;
			buildPhases = (
				66DA7EFA20285F3300A01BA1 /* Sources */,
				66DA7EFB20285F3300A01BA1 /* Frameworks */,
				66DA7EFC20285F3300A01BA1 /* Headers */,
				66DA7EFD20285F3300A01BA1 /* Resources */,
			);
			buildRules = (
			);
			dependencies = (
			);
			name = SpeedTestLib;
			productName = SpeedTestLib;
			productReference = 66DA7EFF20285F3300A01BA1 /* SpeedTestLib.framework */;
			productType = "com.apple.product-type.framework";
		};
		66DA7F0720285F3300A01BA1 /* SpeedTestLibTests */ = {
			isa = PBXNativeTarget;
			buildConfigurationList = 66DA7F1620285F3300A01BA1 /* Build configuration list for PBXNativeTarget "SpeedTestLibTests" */;
			buildPhases = (
				66DA7F0420285F3300A01BA1 /* Sources */,
				66DA7F0520285F3300A01BA1 /* Frameworks */,
				66DA7F0620285F3300A01BA1 /* Resources */,
			);
			buildRules = (
			);
			dependencies = (
				66DA7F0B20285F3300A01BA1 /* PBXTargetDependency */,
			);
			name = SpeedTestLibTests;
			productName = SpeedTestLibTests;
			productReference = 66DA7F0820285F3300A01BA1 /* SpeedTestLibTests.xctest */;
			productType = "com.apple.product-type.bundle.unit-test";
		};
/* End PBXNativeTarget section */

/* Begin PBXProject section */
		66DA7EF620285F3300A01BA1 /* Project object */ = {
			isa = PBXProject;
			attributes = {
				LastSwiftUpdateCheck = 0920;
				LastUpgradeCheck = 0920;
				ORGANIZATIONNAME = Exadel;
				TargetAttributes = {
					66DA7EFE20285F3300A01BA1 = {
						CreatedOnToolsVersion = 9.2;
						LastSwiftMigration = 0920;
						ProvisioningStyle = Automatic;
					};
					66DA7F0720285F3300A01BA1 = {
						CreatedOnToolsVersion = 9.2;
						ProvisioningStyle = Automatic;
					};
				};
			};
			buildConfigurationList = 66DA7EF920285F3300A01BA1 /* Build configuration list for PBXProject "SpeedTestLib" */;
			compatibilityVersion = "Xcode 8.0";
			developmentRegion = en;
			hasScannedForEncodings = 0;
			knownRegions = (
				en,
			);
			mainGroup = 66DA7EF520285F3300A01BA1;
			productRefGroup = 66DA7F0020285F3300A01BA1 /* Products */;
			projectDirPath = "";
			projectRoot = "";
			targets = (
				66DA7EFE20285F3300A01BA1 /* SpeedTestLib */,
				66DA7F0720285F3300A01BA1 /* SpeedTestLibTests */,
			);
		};
/* End PBXProject section */

/* Begin PBXResourcesBuildPhase section */
		66DA7EFD20285F3300A01BA1 /* Resources */ = {
			isa = PBXResourcesBuildPhase;
			buildActionMask = 2147483647;
			files = (
			);
			runOnlyForDeploymentPostprocessing = 0;
		};
		66DA7F0620285F3300A01BA1 /* Resources */ = {
			isa = PBXResourcesBuildPhase;
			buildActionMask = 2147483647;
			files = (
			);
			runOnlyForDeploymentPostprocessing = 0;
		};
/* End PBXResourcesBuildPhase section */

/* Begin PBXSourcesBuildPhase section */
		66DA7EFA20285F3300A01BA1 /* Sources */ = {
			isa = PBXSourcesBuildPhase;
			buildActionMask = 2147483647;
			files = (
				66307966202888F100A43814 /* SpeedTestService.swift in Sources */,
				66BC0A6F2029C7600018E534 /* CustomHostUploadService.swift in Sources */,
				664D3762202A3F1C00798460 /* HostURLFormatter.swift in Sources */,
				663079782028A6F500A43814 /* DefaultHostPingService.swift in Sources */,
				663079752028A6AB00A43814 /* SpeedTestServiceAPI.swift in Sources */,
				66BC0A6C2029B5C20018E534 /* Speed.swift in Sources */,
				66DA7F1D20286C7D00A01BA1 /* Result.swift in Sources */,
				6630797D2028ECA900A43814 /* CustomHostDownloadService.swift in Sources */,
				66307965202888F100A43814 /* SpeedTestHost.swift in Sources */,
				6630796D20288BCA00A43814 /* URL+ping.swift in Sources */,
				6630795F2028865300A43814 /* URLResponse+Checking.swift in Sources */,
				663079732028A43000A43814 /* SpeedTest.swift in Sources */,
			);
			runOnlyForDeploymentPostprocessing = 0;
		};
		66DA7F0420285F3300A01BA1 /* Sources */ = {
			isa = PBXSourcesBuildPhase;
			buildActionMask = 2147483647;
			files = (
				6630797120289F2200A43814 /* URLPingTests.swift in Sources */,
				66DA7F0E20285F3300A01BA1 /* SpeedTestLibTests.swift in Sources */,
				66DA7F2320286E9B00A01BA1 /* SpeedTestServiceTests.swift in Sources */,
				6630797A2028E82A00A43814 /* SpeedTestTests.swift in Sources */,
				66BC0A712029CD130018E534 /* UploadServiceTests.swift in Sources */,
				6630797F2028F05600A43814 /* DownloadServiceTests.swift in Sources */,
			);
			runOnlyForDeploymentPostprocessing = 0;
		};
/* End PBXSourcesBuildPhase section */

/* Begin PBXTargetDependency section */
		66DA7F0B20285F3300A01BA1 /* PBXTargetDependency */ = {
			isa = PBXTargetDependency;
			target = 66DA7EFE20285F3300A01BA1 /* SpeedTestLib */;
			targetProxy = 66DA7F0A20285F3300A01BA1 /* PBXContainerItemProxy */;
		};
/* End PBXTargetDependency section */

/* Begin XCBuildConfiguration section */
		66DA7F1120285F3300A01BA1 /* Debug */ = {
			isa = XCBuildConfiguration;
			buildSettings = {
				ALWAYS_SEARCH_USER_PATHS = NO;
				CLANG_ANALYZER_NONNULL = YES;
				CLANG_ANALYZER_NUMBER_OBJECT_CONVERSION = YES_AGGRESSIVE;
				CLANG_CXX_LANGUAGE_STANDARD = "gnu++14";
				CLANG_CXX_LIBRARY = "libc++";
				CLANG_ENABLE_MODULES = YES;
				CLANG_ENABLE_OBJC_ARC = YES;
				CLANG_WARN_BLOCK_CAPTURE_AUTORELEASING = YES;
				CLANG_WARN_BOOL_CONVERSION = YES;
				CLANG_WARN_COMMA = YES;
				CLANG_WARN_CONSTANT_CONVERSION = YES;
				CLANG_WARN_DIRECT_OBJC_ISA_USAGE = YES_ERROR;
				CLANG_WARN_DOCUMENTATION_COMMENTS = YES;
				CLANG_WARN_EMPTY_BODY = YES;
				CLANG_WARN_ENUM_CONVERSION = YES;
				CLANG_WARN_INFINITE_RECURSION = YES;
				CLANG_WARN_INT_CONVERSION = YES;
				CLANG_WARN_NON_LITERAL_NULL_CONVERSION = YES;
				CLANG_WARN_OBJC_LITERAL_CONVERSION = YES;
				CLANG_WARN_OBJC_ROOT_CLASS = YES_ERROR;
				CLANG_WARN_RANGE_LOOP_ANALYSIS = YES;
				CLANG_WARN_STRICT_PROTOTYPES = YES;
				CLANG_WARN_SUSPICIOUS_MOVE = YES;
				CLANG_WARN_UNGUARDED_AVAILABILITY = YES_AGGRESSIVE;
				CLANG_WARN_UNREACHABLE_CODE = YES;
				CLANG_WARN__DUPLICATE_METHOD_MATCH = YES;
				CODE_SIGN_IDENTITY = "iPhone Developer";
				COPY_PHASE_STRIP = NO;
				CURRENT_PROJECT_VERSION = 1;
				DEBUG_INFORMATION_FORMAT = dwarf;
				ENABLE_STRICT_OBJC_MSGSEND = YES;
				ENABLE_TESTABILITY = YES;
				GCC_C_LANGUAGE_STANDARD = gnu11;
				GCC_DYNAMIC_NO_PIC = NO;
				GCC_NO_COMMON_BLOCKS = YES;
				GCC_OPTIMIZATION_LEVEL = 0;
				GCC_PREPROCESSOR_DEFINITIONS = (
					"DEBUG=1",
					"$(inherited)",
				);
				GCC_WARN_64_TO_32_BIT_CONVERSION = YES;
				GCC_WARN_ABOUT_RETURN_TYPE = YES_ERROR;
				GCC_WARN_UNDECLARED_SELECTOR = YES;
				GCC_WARN_UNINITIALIZED_AUTOS = YES_AGGRESSIVE;
				GCC_WARN_UNUSED_FUNCTION = YES;
				GCC_WARN_UNUSED_VARIABLE = YES;
				IPHONEOS_DEPLOYMENT_TARGET = 11.2;
				MTL_ENABLE_DEBUG_INFO = YES;
				ONLY_ACTIVE_ARCH = YES;
				SDKROOT = iphoneos;
				SWIFT_ACTIVE_COMPILATION_CONDITIONS = DEBUG;
				SWIFT_OPTIMIZATION_LEVEL = "-Onone";
				VERSIONING_SYSTEM = "apple-generic";
				VERSION_INFO_PREFIX = "";
			};
			name = Debug;
		};
		66DA7F1220285F3300A01BA1 /* Release */ = {
			isa = XCBuildConfiguration;
			buildSettings = {
				ALWAYS_SEARCH_USER_PATHS = NO;
				CLANG_ANALYZER_NONNULL = YES;
				CLANG_ANALYZER_NUMBER_OBJECT_CONVERSION = YES_AGGRESSIVE;
				CLANG_CXX_LANGUAGE_STANDARD = "gnu++14";
				CLANG_CXX_LIBRARY = "libc++";
				CLANG_ENABLE_MODULES = YES;
				CLANG_ENABLE_OBJC_ARC = YES;
				CLANG_WARN_BLOCK_CAPTURE_AUTORELEASING = YES;
				CLANG_WARN_BOOL_CONVERSION = YES;
				CLANG_WARN_COMMA = YES;
				CLANG_WARN_CONSTANT_CONVERSION = YES;
				CLANG_WARN_DIRECT_OBJC_ISA_USAGE = YES_ERROR;
				CLANG_WARN_DOCUMENTATION_COMMENTS = YES;
				CLANG_WARN_EMPTY_BODY = YES;
				CLANG_WARN_ENUM_CONVERSION = YES;
				CLANG_WARN_INFINITE_RECURSION = YES;
				CLANG_WARN_INT_CONVERSION = YES;
				CLANG_WARN_NON_LITERAL_NULL_CONVERSION = YES;
				CLANG_WARN_OBJC_LITERAL_CONVERSION = YES;
				CLANG_WARN_OBJC_ROOT_CLASS = YES_ERROR;
				CLANG_WARN_RANGE_LOOP_ANALYSIS = YES;
				CLANG_WARN_STRICT_PROTOTYPES = YES;
				CLANG_WARN_SUSPICIOUS_MOVE = YES;
				CLANG_WARN_UNGUARDED_AVAILABILITY = YES_AGGRESSIVE;
				CLANG_WARN_UNREACHABLE_CODE = YES;
				CLANG_WARN__DUPLICATE_METHOD_MATCH = YES;
				CODE_SIGN_IDENTITY = "iPhone Developer";
				COPY_PHASE_STRIP = NO;
				CURRENT_PROJECT_VERSION = 1;
				DEBUG_INFORMATION_FORMAT = "dwarf-with-dsym";
				ENABLE_NS_ASSERTIONS = NO;
				ENABLE_STRICT_OBJC_MSGSEND = YES;
				GCC_C_LANGUAGE_STANDARD = gnu11;
				GCC_NO_COMMON_BLOCKS = YES;
				GCC_WARN_64_TO_32_BIT_CONVERSION = YES;
				GCC_WARN_ABOUT_RETURN_TYPE = YES_ERROR;
				GCC_WARN_UNDECLARED_SELECTOR = YES;
				GCC_WARN_UNINITIALIZED_AUTOS = YES_AGGRESSIVE;
				GCC_WARN_UNUSED_FUNCTION = YES;
				GCC_WARN_UNUSED_VARIABLE = YES;
				IPHONEOS_DEPLOYMENT_TARGET = 11.2;
				MTL_ENABLE_DEBUG_INFO = NO;
				SDKROOT = iphoneos;
				SWIFT_OPTIMIZATION_LEVEL = "-Owholemodule";
				VALIDATE_PRODUCT = YES;
				VERSIONING_SYSTEM = "apple-generic";
				VERSION_INFO_PREFIX = "";
			};
			name = Release;
		};
		66DA7F1420285F3300A01BA1 /* Debug */ = {
			isa = XCBuildConfiguration;
			buildSettings = {
				CLANG_ENABLE_MODULES = YES;
				CODE_SIGN_IDENTITY = "";
				CODE_SIGN_STYLE = Automatic;
				DEFINES_MODULE = YES;
				DEVELOPMENT_TEAM = 5J45YM6Q2J;
				DYLIB_COMPATIBILITY_VERSION = 1;
				DYLIB_CURRENT_VERSION = 1;
				DYLIB_INSTALL_NAME_BASE = "@rpath";
				INFOPLIST_FILE = SpeedTestLib/Info.plist;
				INSTALL_PATH = "$(LOCAL_LIBRARY_DIR)/Frameworks";
				IPHONEOS_DEPLOYMENT_TARGET = 8.0;
				LD_RUNPATH_SEARCH_PATHS = "$(inherited) @executable_path/Frameworks @loader_path/Frameworks";
				PRODUCT_BUNDLE_IDENTIFIER = exadel.SpeedTestLib;
				PRODUCT_NAME = "$(TARGET_NAME:c99extidentifier)";
				SKIP_INSTALL = YES;
				SWIFT_OPTIMIZATION_LEVEL = "-Onone";
				SWIFT_VERSION = 4.0;
				TARGETED_DEVICE_FAMILY = "1,2";
			};
			name = Debug;
		};
		66DA7F1520285F3300A01BA1 /* Release */ = {
			isa = XCBuildConfiguration;
			buildSettings = {
				CLANG_ENABLE_MODULES = YES;
				CODE_SIGN_IDENTITY = "";
				CODE_SIGN_STYLE = Automatic;
				DEFINES_MODULE = YES;
				DEVELOPMENT_TEAM = 5J45YM6Q2J;
				DYLIB_COMPATIBILITY_VERSION = 1;
				DYLIB_CURRENT_VERSION = 1;
				DYLIB_INSTALL_NAME_BASE = "@rpath";
				INFOPLIST_FILE = SpeedTestLib/Info.plist;
				INSTALL_PATH = "$(LOCAL_LIBRARY_DIR)/Frameworks";
				IPHONEOS_DEPLOYMENT_TARGET = 8.0;
				LD_RUNPATH_SEARCH_PATHS = "$(inherited) @executable_path/Frameworks @loader_path/Frameworks";
				PRODUCT_BUNDLE_IDENTIFIER = exadel.SpeedTestLib;
				PRODUCT_NAME = "$(TARGET_NAME:c99extidentifier)";
				SKIP_INSTALL = YES;
				SWIFT_VERSION = 4.0;
				TARGETED_DEVICE_FAMILY = "1,2";
			};
			name = Release;
		};
		66DA7F1720285F3300A01BA1 /* Debug */ = {
			isa = XCBuildConfiguration;
			buildSettings = {
				ALWAYS_EMBED_SWIFT_STANDARD_LIBRARIES = YES;
				CODE_SIGN_STYLE = Automatic;
				DEVELOPMENT_TEAM = 5J45YM6Q2J;
				INFOPLIST_FILE = SpeedTestLibTests/Info.plist;
				LD_RUNPATH_SEARCH_PATHS = "$(inherited) @executable_path/Frameworks @loader_path/Frameworks";
				PRODUCT_BUNDLE_IDENTIFIER = exadel.SpeedTestLibTests;
				PRODUCT_NAME = "$(TARGET_NAME)";
				SWIFT_VERSION = 4.0;
				TARGETED_DEVICE_FAMILY = "1,2";
			};
			name = Debug;
		};
		66DA7F1820285F3300A01BA1 /* Release */ = {
			isa = XCBuildConfiguration;
			buildSettings = {
				ALWAYS_EMBED_SWIFT_STANDARD_LIBRARIES = YES;
				CODE_SIGN_STYLE = Automatic;
				DEVELOPMENT_TEAM = 5J45YM6Q2J;
				INFOPLIST_FILE = SpeedTestLibTests/Info.plist;
				LD_RUNPATH_SEARCH_PATHS = "$(inherited) @executable_path/Frameworks @loader_path/Frameworks";
				PRODUCT_BUNDLE_IDENTIFIER = exadel.SpeedTestLibTests;
				PRODUCT_NAME = "$(TARGET_NAME)";
				SWIFT_VERSION = 4.0;
				TARGETED_DEVICE_FAMILY = "1,2";
			};
			name = Release;
		};
/* End XCBuildConfiguration section */

/* Begin XCConfigurationList section */
		66DA7EF920285F3300A01BA1 /* Build configuration list for PBXProject "SpeedTestLib" */ = {
			isa = XCConfigurationList;
			buildConfigurations = (
				66DA7F1120285F3300A01BA1 /* Debug */,
				66DA7F1220285F3300A01BA1 /* Release */,
			);
			defaultConfigurationIsVisible = 0;
			defaultConfigurationName = Release;
		};
		66DA7F1320285F3300A01BA1 /* Build configuration list for PBXNativeTarget "SpeedTestLib" */ = {
			isa = XCConfigurationList;
			buildConfigurations = (
				66DA7F1420285F3300A01BA1 /* Debug */,
				66DA7F1520285F3300A01BA1 /* Release */,
			);
			defaultConfigurationIsVisible = 0;
			defaultConfigurationName = Release;
		};
		66DA7F1620285F3300A01BA1 /* Build configuration list for PBXNativeTarget "SpeedTestLibTests" */ = {
			isa = XCConfigurationList;
			buildConfigurations = (
				66DA7F1720285F3300A01BA1 /* Debug */,
				66DA7F1820285F3300A01BA1 /* Release */,
			);
			defaultConfigurationIsVisible = 0;
			defaultConfigurationName = Release;
		};
/* End XCConfigurationList section */
	};
	rootObject = 66DA7EF620285F3300A01BA1 /* Project object */;
}
